# This file is generated by running "yarn install" inside your project.
# Manual changes might be lost - proceed with caution!

__metadata:
  version: 4
  cacheKey: 5

"bs-platform@npm:dev":
  version: 8.1.1
  resolution: "bs-platform@npm:8.1.1"
  bin:
    bsb: bsb
    bsc: bsc
    bsrefmt: bsrefmt
    bstracing: lib/bstracing
  checksum: b897db839325a70826829f0831f8fce58a2327b8da92441674559a04316b80479c5b54a2e7cd075546113af72812d4b99f5bdbbceb37d3f24729ff011f0f8b96
  languageName: node
  linkType: hard

"bs-react-error-boundary@workspace:.":
  version: 0.0.0-use.local
  resolution: "bs-react-error-boundary@workspace:."
  dependencies:
    bs-platform: dev
    reason-react: ^0.9.1
  languageName: unknown
  linkType: soft

"reason-react@npm:^0.9.1":
  version: 0.9.1
  resolution: "reason-react@npm:0.9.1"
  peerDependencies:
    bs-platform: ^7.1.1
    react: ^16.8.1
    react-dom: ^16.8.1
  checksum: 05c3cb74f3f85bcf6dc83f60b7b4833c21492f2ca5a601590248be649bb1965217a248e64dfd98e737fe8de25524331ce72219140abd2d84a5043038e75edc79
  languageName: node
  linkType: hard
